
Microsoft Visual Studio Solution File, Format Version 12.00
Project("{FAE04EC0-301F-11D3-BF4B-00C04F79EFBC}") = "FactoryPatternDemoCSharp-50", "FactoryPatternDemoCSharp-50\FactoryPatternDemoCSharp-50.csproj", "{C7722451-04D8-4091-91C2-DE5A2B200478}"
EndProject
Global
	GlobalSection(SolutionConfigurationPlatforms) = preSolution
		Debug|Any CPU = Debug|Any CPU
		Release|Any CPU = Release|Any CPU
	EndGlobalSection
	GlobalSection(ProjectConfigurationPlatforms) = postSolution
		{C7722451-04D8-4091-91C2-DE5A2B200478}.Debug|Any CPU.ActiveCfg = Debug|Any CPU
		{C7722451-04D8-4091-91C2-DE5A2B200478}.Debug|Any CPU.Build.0 = Debug|Any CPU
		{C7722451-04D8-4091-91C2-DE5A2B200478}.Release|Any CPU.ActiveCfg = Release|Any CPU
		{C7722451-04D8-4091-91C2-DE5A2B200478}.Release|Any CPU.Build.0 = Release|Any CPU
	EndGlobalSection
EndGlobal
